
Microsoft Visual Studio Solution File, Format Version 12.00
# Visual Studio Version 16
VisualStudioVersion = 16.0.30711.63
MinimumVisualStudioVersion = 10.0.40219.1
Project("{2150E333-8FDC-42A3-9474-1A3956D46DE8}") = "server", "server", "{1D68B703-A582-4F63-BAA1-0C5990D778F3}"
EndProject
Project("{9A19103F-16F7-4668-BE54-9A1E7A4F7556}") = "Main.Application", "server\aspnet-core\src\Main.Application\Main.Application.csproj", "{B5E2942F-8B2D-45B4-A674-7928FAB3A24E}"
EndProject
Project("{9A19103F-16F7-4668-BE54-9A1E7A4F7556}") = "Main.Core", "server\aspnet-core\src\Main.Core\Main.Core.csproj", "{A0E2964E-3E43-4DF1-B22C-7F0E50AAB3D4}"
EndProject
Project("{9A19103F-16F7-4668-BE54-9A1E7A4F7556}") = "Main.EntityFrameworkCore", "server\aspnet-core\src\Main.EntityFrameworkCore\Main.EntityFrameworkCore.csproj", "{E1FAF88D-7473-42B2-AC36-99A342BC58FC}"
EndProject
Project("{9A19103F-16F7-4668-BE54-9A1E7A4F7556}") = "Main.Migrator", "server\aspnet-core\src\Main.Migrator\Main.Migrator.csproj", "{CCE4B152-5CFC-4B7A-8224-0766F1DB236D}"
EndProject
Project("{9A19103F-16F7-4668-BE54-9A1E7A4F7556}") = "Main.Web.Core", "server\aspnet-core\src\Main.Web.Core\Main.Web.Core.csproj", "{6B80E4B6-85F4-490F-A56F-5FC2CA990342}"
EndProject
Project("{9A19103F-16F7-4668-BE54-9A1E7A4F7556}") = "Main.Web.Host", "server\aspnet-core\src\Main.Web.Host\Main.Web.Host.csproj", "{254B7E65-444B-4D0A-BFE1-B5DA9E69D525}"
EndProject
Project("{2150E333-8FDC-42A3-9474-1A3956D46DE8}") = "client", "client", "{4BC1885C-E703-4D6B-A538-555FC346C2BE}"
EndProject
Project("{9A19103F-16F7-4668-BE54-9A1E7A4F7556}") = "Main.Shared", "Main.Shared\Main.Shared.csproj", "{9D2DE1E2-89C6-4FA3-823B-A5E5BF095165}"
EndProject
Project("{9A19103F-16F7-4668-BE54-9A1E7A4F7556}") = "BlazorClient", "BlazorClient\BlazorClient.csproj", "{6B8201A0-DA5C-46D9-BF18-0A6A4058D8B9}"
EndProject
Project("{9A19103F-16F7-4668-BE54-9A1E7A4F7556}") = "BlazorClientMain", "BlazorClientMain\BlazorClientMain.csproj", "{7CDCBDE9-4C4C-4A65-AAE1-89AEC5CC4E58}"
EndProject
Project("{9A19103F-16F7-4668-BE54-9A1E7A4F7556}") = "ApiDataMediator", "ApiDataMediator\ApiDataMediator.csproj", "{D2011AFF-6B49-4D27-9BCE-D4413FC7033B}"
EndProject
Global
	GlobalSection(SolutionConfigurationPlatforms) = preSolution
		Debug|Any CPU = Debug|Any CPU
		Release|Any CPU = Release|Any CPU
	EndGlobalSection
	GlobalSection(ProjectConfigurationPlatforms) = postSolution
		{B5E2942F-8B2D-45B4-A674-7928FAB3A24E}.Debug|Any CPU.ActiveCfg = Debug|Any CPU
		{B5E2942F-8B2D-45B4-A674-7928FAB3A24E}.Debug|Any CPU.Build.0 = Debug|Any CPU
		{B5E2942F-8B2D-45B4-A674-7928FAB3A24E}.Release|Any CPU.ActiveCfg = Release|Any CPU
		{B5E2942F-8B2D-45B4-A674-7928FAB3A24E}.Release|Any CPU.Build.0 = Release|Any CPU
		{A0E2964E-3E43-4DF1-B22C-7F0E50AAB3D4}.Debug|Any CPU.ActiveCfg = Debug|Any CPU
		{A0E2964E-3E43-4DF1-B22C-7F0E50AAB3D4}.Debug|Any CPU.Build.0 = Debug|Any CPU
		{A0E2964E-3E43-4DF1-B22C-7F0E50AAB3D4}.Release|Any CPU.ActiveCfg = Release|Any CPU
		{A0E2964E-3E43-4DF1-B22C-7F0E50AAB3D4}.Release|Any CPU.Build.0 = Release|Any CPU
		{E1FAF88D-7473-42B2-AC36-99A342BC58FC}.Debug|Any CPU.ActiveCfg = Debug|Any CPU
		{E1FAF88D-7473-42B2-AC36-99A342BC58FC}.Debug|Any CPU.Build.0 = Debug|Any CPU
		{E1FAF88D-7473-42B2-AC36-99A342BC58FC}.Release|Any CPU.ActiveCfg = Release|Any CPU
		{E1FAF88D-7473-42B2-AC36-99A342BC58FC}.Release|Any CPU.Build.0 = Release|Any CPU
		{CCE4B152-5CFC-4B7A-8224-0766F1DB236D}.Debug|Any CPU.ActiveCfg = Debug|Any CPU
		{CCE4B152-5CFC-4B7A-8224-0766F1DB236D}.Debug|Any CPU.Build.0 = Debug|Any CPU
		{CCE4B152-5CFC-4B7A-8224-0766F1DB236D}.Release|Any CPU.ActiveCfg = Release|Any CPU
		{CCE4B152-5CFC-4B7A-8224-0766F1DB236D}.Release|Any CPU.Build.0 = Release|Any CPU
		{6B80E4B6-85F4-490F-A56F-5FC2CA990342}.Debug|Any CPU.ActiveCfg = Debug|Any CPU
		{6B80E4B6-85F4-490F-A56F-5FC2CA990342}.Debug|Any CPU.Build.0 = Debug|Any CPU
		{6B80E4B6-85F4-490F-A56F-5FC2CA990342}.Release|Any CPU.ActiveCfg = Release|Any CPU
		{6B80E4B6-85F4-490F-A56F-5FC2CA990342}.Release|Any CPU.Build.0 = Release|Any CPU
		{254B7E65-444B-4D0A-BFE1-B5DA9E69D525}.Debug|Any CPU.ActiveCfg = Debug|Any CPU
		{254B7E65-444B-4D0A-BFE1-B5DA9E69D525}.Debug|Any CPU.Build.0 = Debug|Any CPU
		{254B7E65-444B-4D0A-BFE1-B5DA9E69D525}.Release|Any CPU.ActiveCfg = Release|Any CPU
		{254B7E65-444B-4D0A-BFE1-B5DA9E69D525}.Release|Any CPU.Build.0 = Release|Any CPU
		{9D2DE1E2-89C6-4FA3-823B-A5E5BF095165}.Debug|Any CPU.ActiveCfg = Debug|Any CPU
		{9D2DE1E2-89C6-4FA3-823B-A5E5BF095165}.Debug|Any CPU.Build.0 = Debug|Any CPU
		{9D2DE1E2-89C6-4FA3-823B-A5E5BF095165}.Release|Any CPU.ActiveCfg = Release|Any CPU
		{9D2DE1E2-89C6-4FA3-823B-A5E5BF095165}.Release|Any CPU.Build.0 = Release|Any CPU
		{6B8201A0-DA5C-46D9-BF18-0A6A4058D8B9}.Debug|Any CPU.ActiveCfg = Debug|Any CPU
		{6B8201A0-DA5C-46D9-BF18-0A6A4058D8B9}.Debug|Any CPU.Build.0 = Debug|Any CPU
		{6B8201A0-DA5C-46D9-BF18-0A6A4058D8B9}.Release|Any CPU.ActiveCfg = Release|Any CPU
		{6B8201A0-DA5C-46D9-BF18-0A6A4058D8B9}.Release|Any CPU.Build.0 = Release|Any CPU
		{7CDCBDE9-4C4C-4A65-AAE1-89AEC5CC4E58}.Debug|Any CPU.ActiveCfg = Debug|Any CPU
		{7CDCBDE9-4C4C-4A65-AAE1-89AEC5CC4E58}.Debug|Any CPU.Build.0 = Debug|Any CPU
		{7CDCBDE9-4C4C-4A65-AAE1-89AEC5CC4E58}.Release|Any CPU.ActiveCfg = Release|Any CPU
		{7CDCBDE9-4C4C-4A65-AAE1-89AEC5CC4E58}.Release|Any CPU.Build.0 = Release|Any CPU
		{D2011AFF-6B49-4D27-9BCE-D4413FC7033B}.Debug|Any CPU.ActiveCfg = Debug|Any CPU
		{D2011AFF-6B49-4D27-9BCE-D4413FC7033B}.Debug|Any CPU.Build.0 = Debug|Any CPU
		{D2011AFF-6B49-4D27-9BCE-D4413FC7033B}.Release|Any CPU.ActiveCfg = Release|Any CPU
		{D2011AFF-6B49-4D27-9BCE-D4413FC7033B}.Release|Any CPU.Build.0 = Release|Any CPU
	EndGlobalSection
	GlobalSection(SolutionProperties) = preSolution
		HideSolutionNode = FALSE
	EndGlobalSection
	GlobalSection(NestedProjects) = preSolution
		{B5E2942F-8B2D-45B4-A674-7928FAB3A24E} = {1D68B703-A582-4F63-BAA1-0C5990D778F3}
		{A0E2964E-3E43-4DF1-B22C-7F0E50AAB3D4} = {1D68B703-A582-4F63-BAA1-0C5990D778F3}
		{E1FAF88D-7473-42B2-AC36-99A342BC58FC} = {1D68B703-A582-4F63-BAA1-0C5990D778F3}
		{CCE4B152-5CFC-4B7A-8224-0766F1DB236D} = {1D68B703-A582-4F63-BAA1-0C5990D778F3}
		{6B80E4B6-85F4-490F-A56F-5FC2CA990342} = {1D68B703-A582-4F63-BAA1-0C5990D778F3}
		{254B7E65-444B-4D0A-BFE1-B5DA9E69D525} = {1D68B703-A582-4F63-BAA1-0C5990D778F3}
		{6B8201A0-DA5C-46D9-BF18-0A6A4058D8B9} = {4BC1885C-E703-4D6B-A538-555FC346C2BE}
		{7CDCBDE9-4C4C-4A65-AAE1-89AEC5CC4E58} = {4BC1885C-E703-4D6B-A538-555FC346C2BE}
	EndGlobalSection
	GlobalSection(ExtensibilityGlobals) = postSolution
		SolutionGuid = {D87EDA00-5C56-4E01-B0C5-29F9D1E5FC73}
	EndGlobalSection
EndGlobal
